
Microsoft Visual Studio Solution File, Format Version 12.00
# Visual Studio Version 16
VisualStudioVersion = 16.0.30907.101
MinimumVisualStudioVersion = 10.0.40219.1
Project("{FAE04EC0-301F-11D3-BF4B-00C04F79EFBC}") = "MoneyInEveryPocket", "MoneyInEveryPocket.csproj", "{C79D3985-B467-411B-9009-3D6150FEB238}"
EndProject
Global
	GlobalSection(SolutionConfigurationPlatforms) = preSolution
		Debug|Any CPU = Debug|Any CPU
		Release|Any CPU = Release|Any CPU
	EndGlobalSection
	GlobalSection(ProjectConfigurationPlatforms) = postSolution
		{C79D3985-B467-411B-9009-3D6150FEB238}.Debug|Any CPU.ActiveCfg = Debug|Any CPU
		{C79D3985-B467-411B-9009-3D6150FEB238}.Debug|Any CPU.Build.0 = Debug|Any CPU
		{C79D3985-B467-411B-9009-3D6150FEB238}.Release|Any CPU.ActiveCfg = Release|Any CPU
		{C79D3985-B467-411B-9009-3D6150FEB238}.Release|Any CPU.Build.0 = Release|Any CPU
	EndGlobalSection
	GlobalSection(SolutionProperties) = preSolution
		HideSolutionNode = FALSE
	EndGlobalSection
	GlobalSection(ExtensibilityGlobals) = postSolution
		SolutionGuid = {3B4A9047-2A11-459A-850C-DC11A724F90F}
	EndGlobalSection
EndGlobal
